{
  "originHash" : "9893a28f3a1e89d59d47f415330b776be52a995395be654f9cc3cc53b9fab889",
  "pins" : [
    {
      "identity" : "amsmb2",
      "kind" : "remoteSourceControl",
      "location" : "https://github.com/amosavian/AMSMB2",
      "state" : {
        "revision" : "f1ea3b0de86abcbc648a0b6223d6a36569716428",
        "version" : "3.4.0"
      }
    }
  ],
  "version" : 3
}
